
Microsoft Visual Studio Solution File, Format Version 12.00
# Visual Studio Version 17
VisualStudioVersion = 17.9.34701.34
MinimumVisualStudioVersion = 10.0.40219.1
Project("{FAE04EC0-301F-11D3-BF4B-00C04F79EFBC}") = "BookLibraryAPI", "BookLibraryAPI.csproj", "{C673EB5C-6E1A-4E27-BB02-43CBFF7A2006}"
EndProject
Global
	GlobalSection(SolutionConfigurationPlatforms) = preSolution
		Debug|Any CPU = Debug|Any CPU
		Release|Any CPU = Release|Any CPU
	EndGlobalSection
	GlobalSection(ProjectConfigurationPlatforms) = postSolution
		{C673EB5C-6E1A-4E27-BB02-43CBFF7A2006}.Debug|Any CPU.ActiveCfg = Debug|Any CPU
		{C673EB5C-6E1A-4E27-BB02-43CBFF7A2006}.Debug|Any CPU.Build.0 = Debug|Any CPU
		{C673EB5C-6E1A-4E27-BB02-43CBFF7A2006}.Release|Any CPU.ActiveCfg = Release|Any CPU
		{C673EB5C-6E1A-4E27-BB02-43CBFF7A2006}.Release|Any CPU.Build.0 = Release|Any CPU
	EndGlobalSection
	GlobalSection(SolutionProperties) = preSolution
		HideSolutionNode = FALSE
	EndGlobalSection
	GlobalSection(ExtensibilityGlobals) = postSolution
		SolutionGuid = {A4F43A91-9376-4F5C-ADBE-3F47C094933D}
	EndGlobalSection
EndGlobal
